
Microsoft Visual Studio Solution File, Format Version 12.00
# Visual Studio Version 16
VisualStudioVersion = 16.0.30907.101
MinimumVisualStudioVersion = 10.0.40219.1
Project("{FAE04EC0-301F-11D3-BF4B-00C04F79EFBC}") = "PickACardUI", "PickACardUI.csproj", "{B6203A3B-BBFC-42FE-BB6F-EC388059A91C}"
EndProject
Global
	GlobalSection(SolutionConfigurationPlatforms) = preSolution
		Debug|Any CPU = Debug|Any CPU
		Release|Any CPU = Release|Any CPU
	EndGlobalSection
	GlobalSection(ProjectConfigurationPlatforms) = postSolution
		{B6203A3B-BBFC-42FE-BB6F-EC388059A91C}.Debug|Any CPU.ActiveCfg = Debug|Any CPU
		{B6203A3B-BBFC-42FE-BB6F-EC388059A91C}.Debug|Any CPU.Build.0 = Debug|Any CPU
		{B6203A3B-BBFC-42FE-BB6F-EC388059A91C}.Release|Any CPU.ActiveCfg = Release|Any CPU
		{B6203A3B-BBFC-42FE-BB6F-EC388059A91C}.Release|Any CPU.Build.0 = Release|Any CPU
	EndGlobalSection
	GlobalSection(SolutionProperties) = preSolution
		HideSolutionNode = FALSE
	EndGlobalSection
	GlobalSection(ExtensibilityGlobals) = postSolution
		SolutionGuid = {D62451BE-0E0D-466E-90B5-53C33C346B19}
	EndGlobalSection
EndGlobal
